
Microsoft Visual Studio Solution File, Format Version 12.00
# Visual Studio Version 16
VisualStudioVersion = 16.0.29020.237
MinimumVisualStudioVersion = 10.0.40219.1
Project("{FAE04EC0-301F-11D3-BF4B-00C04F79EFBC}") = "ConsoleTeste", "ConsoleTeste\ConsoleTeste.csproj", "{A899EB89-4C1F-49CC-A36E-9B4E683BE2E1}"
EndProject
Global
	GlobalSection(SolutionConfigurationPlatforms) = preSolution
		Debug|Any CPU = Debug|Any CPU
		Release|Any CPU = Release|Any CPU
	EndGlobalSection
	GlobalSection(ProjectConfigurationPlatforms) = postSolution
		{A899EB89-4C1F-49CC-A36E-9B4E683BE2E1}.Debug|Any CPU.ActiveCfg = Debug|Any CPU
		{A899EB89-4C1F-49CC-A36E-9B4E683BE2E1}.Debug|Any CPU.Build.0 = Debug|Any CPU
		{A899EB89-4C1F-49CC-A36E-9B4E683BE2E1}.Release|Any CPU.ActiveCfg = Release|Any CPU
		{A899EB89-4C1F-49CC-A36E-9B4E683BE2E1}.Release|Any CPU.Build.0 = Release|Any CPU
	EndGlobalSection
	GlobalSection(SolutionProperties) = preSolution
		HideSolutionNode = FALSE
	EndGlobalSection
	GlobalSection(ExtensibilityGlobals) = postSolution
		SolutionGuid = {7C77199B-BB0D-4E82-8015-FCEBDCF381D7}
	EndGlobalSection
EndGlobal
