
Microsoft Visual Studio Solution File, Format Version 12.00
# Visual Studio Version 16
VisualStudioVersion = 16.0.29020.237
MinimumVisualStudioVersion = 10.0.40219.1
Project("{FAE04EC0-301F-11D3-BF4B-00C04F79EFBC}") = "IniciandoWPF", "IniciandoWPF\IniciandoWPF.csproj", "{C0381165-FCC3-4523-80D4-676B708A21DB}"
EndProject
Global
	GlobalSection(SolutionConfigurationPlatforms) = preSolution
		Debug|Any CPU = Debug|Any CPU
		Release|Any CPU = Release|Any CPU
	EndGlobalSection
	GlobalSection(ProjectConfigurationPlatforms) = postSolution
		{C0381165-FCC3-4523-80D4-676B708A21DB}.Debug|Any CPU.ActiveCfg = Debug|Any CPU
		{C0381165-FCC3-4523-80D4-676B708A21DB}.Debug|Any CPU.Build.0 = Debug|Any CPU
		{C0381165-FCC3-4523-80D4-676B708A21DB}.Release|Any CPU.ActiveCfg = Release|Any CPU
		{C0381165-FCC3-4523-80D4-676B708A21DB}.Release|Any CPU.Build.0 = Release|Any CPU
	EndGlobalSection
	GlobalSection(SolutionProperties) = preSolution
		HideSolutionNode = FALSE
	EndGlobalSection
	GlobalSection(ExtensibilityGlobals) = postSolution
		SolutionGuid = {490A1DEA-626E-423E-8C45-6FFB16C2AF31}
	EndGlobalSection
EndGlobal
