
Microsoft Visual Studio Solution File, Format Version 12.00
# Visual Studio Version 16
VisualStudioVersion = 16.0.29020.237
MinimumVisualStudioVersion = 10.0.40219.1
Project("{FAE04EC0-301F-11D3-BF4B-00C04F79EFBC}") = "MinhaPrimeiraClasse", "MinhaPrimeiraClasse\MinhaPrimeiraClasse.csproj", "{16E7C44A-CBDA-43F1-BDEA-73BF8F6CBC7A}"
EndProject
Global
	GlobalSection(SolutionConfigurationPlatforms) = preSolution
		Debug|Any CPU = Debug|Any CPU
		Release|Any CPU = Release|Any CPU
	EndGlobalSection
	GlobalSection(ProjectConfigurationPlatforms) = postSolution
		{16E7C44A-CBDA-43F1-BDEA-73BF8F6CBC7A}.Debug|Any CPU.ActiveCfg = Debug|Any CPU
		{16E7C44A-CBDA-43F1-BDEA-73BF8F6CBC7A}.Debug|Any CPU.Build.0 = Debug|Any CPU
		{16E7C44A-CBDA-43F1-BDEA-73BF8F6CBC7A}.Release|Any CPU.ActiveCfg = Release|Any CPU
		{16E7C44A-CBDA-43F1-BDEA-73BF8F6CBC7A}.Release|Any CPU.Build.0 = Release|Any CPU
	EndGlobalSection
	GlobalSection(SolutionProperties) = preSolution
		HideSolutionNode = FALSE
	EndGlobalSection
	GlobalSection(ExtensibilityGlobals) = postSolution
		SolutionGuid = {8CACEB15-410B-4A28-8ABD-F95CAE31C279}
	EndGlobalSection
EndGlobal
